
Microsoft Visual Studio Solution File, Format Version 12.00
# Visual Studio 15
VisualStudioVersion = 15.0.26124.0
MinimumVisualStudioVersion = 15.0.26124.0
Project("{2150E333-8FDC-42A3-9474-1A3956D46DE8}") = "src", "src", "{3CE017A9-DDF8-4479-AAE7-605CFB21E498}"
EndProject
Project("{FAE04EC0-301F-11D3-BF4B-00C04F79EFBC}") = "GradeBook", "src\GradeBook\GradeBook.csproj", "{BD36CB82-7ABC-4F26-88EF-F40A5AACA360}"
EndProject
Project("{2150E333-8FDC-42A3-9474-1A3956D46DE8}") = "test", "test", "{1881143E-F599-4384-AE8E-3FBD02A10CE6}"
EndProject
Project("{FAE04EC0-301F-11D3-BF4B-00C04F79EFBC}") = "GradeBook.Tests", "test\GradeBook.Tests\GradeBook.Tests.csproj", "{65E7B31D-82B7-49E9-A2CB-FFA2456E7F6C}"
EndProject
Global
	GlobalSection(SolutionConfigurationPlatforms) = preSolution
		Debug|Any CPU = Debug|Any CPU
		Debug|x64 = Debug|x64
		Debug|x86 = Debug|x86
		Release|Any CPU = Release|Any CPU
		Release|x64 = Release|x64
		Release|x86 = Release|x86
	EndGlobalSection
	GlobalSection(SolutionProperties) = preSolution
		HideSolutionNode = FALSE
	EndGlobalSection
	GlobalSection(ProjectConfigurationPlatforms) = postSolution
		{BD36CB82-7ABC-4F26-88EF-F40A5AACA360}.Debug|Any CPU.ActiveCfg = Debug|Any CPU
		{BD36CB82-7ABC-4F26-88EF-F40A5AACA360}.Debug|Any CPU.Build.0 = Debug|Any CPU
		{BD36CB82-7ABC-4F26-88EF-F40A5AACA360}.Debug|x64.ActiveCfg = Debug|Any CPU
		{BD36CB82-7ABC-4F26-88EF-F40A5AACA360}.Debug|x64.Build.0 = Debug|Any CPU
		{BD36CB82-7ABC-4F26-88EF-F40A5AACA360}.Debug|x86.ActiveCfg = Debug|Any CPU
		{BD36CB82-7ABC-4F26-88EF-F40A5AACA360}.Debug|x86.Build.0 = Debug|Any CPU
		{BD36CB82-7ABC-4F26-88EF-F40A5AACA360}.Release|Any CPU.ActiveCfg = Release|Any CPU
		{BD36CB82-7ABC-4F26-88EF-F40A5AACA360}.Release|Any CPU.Build.0 = Release|Any CPU
		{BD36CB82-7ABC-4F26-88EF-F40A5AACA360}.Release|x64.ActiveCfg = Release|Any CPU
		{BD36CB82-7ABC-4F26-88EF-F40A5AACA360}.Release|x64.Build.0 = Release|Any CPU
		{BD36CB82-7ABC-4F26-88EF-F40A5AACA360}.Release|x86.ActiveCfg = Release|Any CPU
		{BD36CB82-7ABC-4F26-88EF-F40A5AACA360}.Release|x86.Build.0 = Release|Any CPU
		{65E7B31D-82B7-49E9-A2CB-FFA2456E7F6C}.Debug|Any CPU.ActiveCfg = Debug|Any CPU
		{65E7B31D-82B7-49E9-A2CB-FFA2456E7F6C}.Debug|Any CPU.Build.0 = Debug|Any CPU
		{65E7B31D-82B7-49E9-A2CB-FFA2456E7F6C}.Debug|x64.ActiveCfg = Debug|Any CPU
		{65E7B31D-82B7-49E9-A2CB-FFA2456E7F6C}.Debug|x64.Build.0 = Debug|Any CPU
		{65E7B31D-82B7-49E9-A2CB-FFA2456E7F6C}.Debug|x86.ActiveCfg = Debug|Any CPU
		{65E7B31D-82B7-49E9-A2CB-FFA2456E7F6C}.Debug|x86.Build.0 = Debug|Any CPU
		{65E7B31D-82B7-49E9-A2CB-FFA2456E7F6C}.Release|Any CPU.ActiveCfg = Release|Any CPU
		{65E7B31D-82B7-49E9-A2CB-FFA2456E7F6C}.Release|Any CPU.Build.0 = Release|Any CPU
		{65E7B31D-82B7-49E9-A2CB-FFA2456E7F6C}.Release|x64.ActiveCfg = Release|Any CPU
		{65E7B31D-82B7-49E9-A2CB-FFA2456E7F6C}.Release|x64.Build.0 = Release|Any CPU
		{65E7B31D-82B7-49E9-A2CB-FFA2456E7F6C}.Release|x86.ActiveCfg = Release|Any CPU
		{65E7B31D-82B7-49E9-A2CB-FFA2456E7F6C}.Release|x86.Build.0 = Release|Any CPU
	EndGlobalSection
	GlobalSection(NestedProjects) = preSolution
		{BD36CB82-7ABC-4F26-88EF-F40A5AACA360} = {3CE017A9-DDF8-4479-AAE7-605CFB21E498}
		{65E7B31D-82B7-49E9-A2CB-FFA2456E7F6C} = {1881143E-F599-4384-AE8E-3FBD02A10CE6}
	EndGlobalSection
EndGlobal
